# Generated by buf. DO NOT EDIT.
version: v2
deps:
  - name: buf.build/assetmantle/schema
    commit: 625189e83d3f4bf5bff10a0d15575edd
    digest: b5:952a58c887201044ec4c46231b31369284c3cb0c38ca8efbd787d355d511ee67da95dc3b3fcc57b7b9d315cc07e64a39ee5ec8e8b94c14ac6f7489f53af21b17
  - name: buf.build/cosmos/cosmos-proto
    commit: 04467658e59e44bbb22fe568206e1f70
    digest: b5:8058c0aadbee8c9af67a9cefe86492c6c0b0bd5b4526b0ec820507b91fc9b0b5efbebca97331854576d2d279b0b3f5ed6a7abb0640cb640c4186532239c48fc4
  - name: buf.build/cosmos/cosmos-sdk
    commit: 05419252bcc241ea8023acf1ed4cadc5
    digest: b5:bec474e46596bf183fa85eb5c33106d432992ae696785c1c5fc1ce2a8f8819cab80c89d0b11557f3e916fd65133451fca4471a05f75ed163c688a8964ecb97b8
  - name: buf.build/cosmos/gogo-proto
    commit: 88ef6483f90f478fb938c37dde52ece3
    digest: b5:f0c69202c9bca9672dc72a9737ea9bc83744daaed2b3da77e3a95b0e53b86dee76b5a7405b993181d6c863fd64afaca0976a302f700d6c4912eb1692a1782c0a
  - name: buf.build/googleapis/googleapis
    commit: e7f8d366f5264595bcc4cd4139af9973
    digest: b5:0cd69a689ee320ed815663d57d1bc3a1d6823224a7a717d46fee3a68197c25a6f5f932c0b0e49f8370c70c247a6635969a6a54af5345cafd51e0667298768aca
  - name: buf.build/protocolbuffers/wellknowntypes
    commit: 657250e6a39648cbb169d079a60bd9ba
    digest: b5:85308f059dbd8d9f3f435fc449fbf7db27c99ea47930beedbeda45c8c1573a2c0f44f28d8c38e26341a4dace4237723395e1588c07b02a42dce05660306e2027
  - name: buf.build/tendermint/tendermint
    commit: 33ed361a90514289beabf3189e1d7665
    digest: b5:72e7b167e6a474c8ed7763e3fc811d756d48dd0e70d897c1d3b661656aa4ad3cf2adabadf1fa9a8fd644567678a1acd27bec139895b0469258cfa4c3ebae7aab
