# Generated by buf. DO NOT EDIT.
version: v1
deps:
  - remote: buf.build
    owner: assetmantle
    repository: schema
    commit: cd5f036eb13c4d118dc3b868ed1f9cf1
  - remote: buf.build
    owner: cosmos
    repository: cosmos-proto
    commit: 1935555c206d4afb9e94615dfd0fad31
  - remote: buf.build
    owner: cosmos
    repository: cosmos-sdk
    commit: e7a85cef453e4b999ad9aff8714ae05f
  - remote: buf.build
    owner: cosmos
    repository: gogo-proto
    commit: 5e5b9fdd01804356895f8f79a6f1ddc1
  - remote: buf.build
    owner: googleapis
    repository: googleapis
    commit: cc916c31859748a68fd229a3c8d7a2e8
